
Microsoft Visual Studio Solution File, Format Version 12.00
# Visual Studio Version 17
VisualStudioVersion = 17.3.32922.545
MinimumVisualStudioVersion = 10.0.40219.1
Project("{2150E333-8FDC-42A3-9474-1A3956D46DE8}") = "Doc", "Doc", "{78638D9E-F9A7-4DE7-944A-F4E31873A07F}"
	ProjectSection(SolutionItems) = preProject
		Enviroment variables.md = Enviroment variables.md
		Doc\SDK modules.md = Doc\SDK modules.md
		Doc\Проблемы настройки проектов для native dll.md = Doc\Проблемы настройки проектов для native dll.md
	EndProjectSection
EndProject
Project("{2150E333-8FDC-42A3-9474-1A3956D46DE8}") = "Элементы решения", "Элементы решения", "{EA499289-42D4-4228-A186-77CBAFCE298A}"
	ProjectSection(SolutionItems) = preProject
		UserEnviroments.props = UserEnviroments.props
	EndProjectSection
EndProject
Project("{9A19103F-16F7-4668-BE54-9A1E7A4F7556}") = "mstudioData.sdk.net.tests", "mstudioData.sdk.net.tests\mstudioData.sdk.net.tests.csproj", "{3C859BAE-CC76-4CC4-98DC-ED5DEBA4CD32}"
EndProject
Project("{FAE04EC0-301F-11D3-BF4B-00C04F79EFBC}") = "ModelStudioSDK.TestsLaunch", "ModelStudioSDK.TestLaunch\ModelStudioSDK.TestsLaunch.csproj", "{D44F04FA-F89E-477E-8328-3E418B8DE484}"
EndProject
Project("{8BC9CEB8-8B4A-11D0-8D11-00A0C91BC942}") = "mstudioData.sdk.Wrapper", "Native\mstudioData.sdk.Wrapper\msData.sdk.Wrapper.vcxproj", "{B355F384-5686-4B1D-A53B-414E3EF75C3E}"
EndProject
Project("{8BC9CEB8-8B4A-11D0-8D11-00A0C91BC942}") = "UnitsCS.sdk.demo", "Native\UnitsCSCom.sdk.demo\UnitsCS.sdk.demo.vcxproj", "{FB9F81BD-9562-4E21-9734-03E6ACBF2A2C}"
EndProject
Project("{8BC9CEB8-8B4A-11D0-8D11-00A0C91BC942}") = "mstudioData.sdk.demo", "Native\mstudioData.sdk.demo\mstudioData.sdk.demo.vcxproj", "{C45F8C37-44B0-4792-B2E5-F6AC8048579D}"
EndProject
Project("{2150E333-8FDC-42A3-9474-1A3956D46DE8}") = "Native", "Native", "{5F11B562-EF32-46C0-97FB-BCDA194FFB93}"
	ProjectSection(SolutionItems) = preProject
		Native\Directory.Build.props = Native\Directory.Build.props
	EndProjectSection
EndProject
Project("{2150E333-8FDC-42A3-9474-1A3956D46DE8}") = "Solution Items", "Solution Items", "{E2106040-CC58-48B3-9B8A-1E4FEF0BABF2}"
	ProjectSection(SolutionItems) = preProject
		Directory.Build.props = Directory.Build.props
	EndProjectSection
EndProject
Project("{8BC9CEB8-8B4A-11D0-8D11-00A0C91BC942}") = "EmptyUnitTest", "Native\EmptyUnitTest\EmptyUnitTest.vcxproj", "{21E23CD2-9C14-47B8-B4F4-9768093F3948}"
EndProject
Project("{8BC9CEB8-8B4A-11D0-8D11-00A0C91BC942}") = "linCSLoader.sdk.demo", "Native\linCSLoader.sdk.demo\linCSLoader.sdk.demo.vcxproj", "{2B35BBE7-79B7-429A-A909-4D19EF38ECF7}"
EndProject
Project("{8BC9CEB8-8B4A-11D0-8D11-00A0C91BC942}") = "EmptyMFCLibrary", "EmptyMFCLibrary\EmptyMFCLibrary.vcxproj", "{592B994E-C42E-43F9-89CD-0F9BAE3C0FD4}"
EndProject
Project("{8BC9CEB8-8B4A-11D0-8D11-00A0C91BC942}") = "LibManager.sdk.demo", "LibManager.sdk.demo\LibManager.sdk.demo.vcxproj", "{C0C45C5E-EEF4-4FF4-B1A2-9181F7E5DE6F}"
EndProject
Global
	GlobalSection(SolutionConfigurationPlatforms) = preSolution
		Debug ACAD|x64 = Debug ACAD|x64
		Debug ACAD|x86 = Debug ACAD|x86
		Debug NCAD|x64 = Debug NCAD|x64
		Debug NCAD|x86 = Debug NCAD|x86
		Debug|x64 = Debug|x64
		Debug|x86 = Debug|x86
		Release NCAD|x64 = Release NCAD|x64
		Release NCAD|x86 = Release NCAD|x86
		Release|x64 = Release|x64
		Release|x86 = Release|x86
	EndGlobalSection
	GlobalSection(ProjectConfigurationPlatforms) = postSolution
		{3C859BAE-CC76-4CC4-98DC-ED5DEBA4CD32}.Debug ACAD|x64.ActiveCfg = Debug ACAD|Any CPU
		{3C859BAE-CC76-4CC4-98DC-ED5DEBA4CD32}.Debug ACAD|x64.Build.0 = Debug ACAD|Any CPU
		{3C859BAE-CC76-4CC4-98DC-ED5DEBA4CD32}.Debug ACAD|x86.ActiveCfg = Debug ACAD|Any CPU
		{3C859BAE-CC76-4CC4-98DC-ED5DEBA4CD32}.Debug ACAD|x86.Build.0 = Debug ACAD|Any CPU
		{3C859BAE-CC76-4CC4-98DC-ED5DEBA4CD32}.Debug NCAD|x64.ActiveCfg = Debug NCAD|Any CPU
		{3C859BAE-CC76-4CC4-98DC-ED5DEBA4CD32}.Debug NCAD|x64.Build.0 = Debug NCAD|Any CPU
		{3C859BAE-CC76-4CC4-98DC-ED5DEBA4CD32}.Debug NCAD|x86.ActiveCfg = Debug NCAD|Any CPU
		{3C859BAE-CC76-4CC4-98DC-ED5DEBA4CD32}.Debug NCAD|x86.Build.0 = Debug NCAD|Any CPU
		{3C859BAE-CC76-4CC4-98DC-ED5DEBA4CD32}.Debug|x64.ActiveCfg = Debug|Any CPU
		{3C859BAE-CC76-4CC4-98DC-ED5DEBA4CD32}.Debug|x64.Build.0 = Debug|Any CPU
		{3C859BAE-CC76-4CC4-98DC-ED5DEBA4CD32}.Debug|x86.ActiveCfg = Debug|Any CPU
		{3C859BAE-CC76-4CC4-98DC-ED5DEBA4CD32}.Debug|x86.Build.0 = Debug|Any CPU
		{3C859BAE-CC76-4CC4-98DC-ED5DEBA4CD32}.Release NCAD|x64.ActiveCfg = Debug|Any CPU
		{3C859BAE-CC76-4CC4-98DC-ED5DEBA4CD32}.Release NCAD|x64.Build.0 = Debug|Any CPU
		{3C859BAE-CC76-4CC4-98DC-ED5DEBA4CD32}.Release NCAD|x86.ActiveCfg = Release|Any CPU
		{3C859BAE-CC76-4CC4-98DC-ED5DEBA4CD32}.Release NCAD|x86.Build.0 = Release|Any CPU
		{3C859BAE-CC76-4CC4-98DC-ED5DEBA4CD32}.Release|x64.ActiveCfg = Release|Any CPU
		{3C859BAE-CC76-4CC4-98DC-ED5DEBA4CD32}.Release|x64.Build.0 = Release|Any CPU
		{3C859BAE-CC76-4CC4-98DC-ED5DEBA4CD32}.Release|x86.ActiveCfg = Release|Any CPU
		{3C859BAE-CC76-4CC4-98DC-ED5DEBA4CD32}.Release|x86.Build.0 = Release|Any CPU
		{D44F04FA-F89E-477E-8328-3E418B8DE484}.Debug ACAD|x64.ActiveCfg = Debug|Any CPU
		{D44F04FA-F89E-477E-8328-3E418B8DE484}.Debug ACAD|x64.Build.0 = Debug|Any CPU
		{D44F04FA-F89E-477E-8328-3E418B8DE484}.Debug ACAD|x86.ActiveCfg = Debug NCAD|Any CPU
		{D44F04FA-F89E-477E-8328-3E418B8DE484}.Debug ACAD|x86.Build.0 = Debug NCAD|Any CPU
		{D44F04FA-F89E-477E-8328-3E418B8DE484}.Debug NCAD|x64.ActiveCfg = Debug NCAD|Any CPU
		{D44F04FA-F89E-477E-8328-3E418B8DE484}.Debug NCAD|x64.Build.0 = Debug NCAD|Any CPU
		{D44F04FA-F89E-477E-8328-3E418B8DE484}.Debug NCAD|x86.ActiveCfg = Debug NCAD|Any CPU
		{D44F04FA-F89E-477E-8328-3E418B8DE484}.Debug NCAD|x86.Build.0 = Debug NCAD|Any CPU
		{D44F04FA-F89E-477E-8328-3E418B8DE484}.Debug|x64.ActiveCfg = Debug|Any CPU
		{D44F04FA-F89E-477E-8328-3E418B8DE484}.Debug|x64.Build.0 = Debug|Any CPU
		{D44F04FA-F89E-477E-8328-3E418B8DE484}.Debug|x86.ActiveCfg = Debug|Any CPU
		{D44F04FA-F89E-477E-8328-3E418B8DE484}.Debug|x86.Build.0 = Debug|Any CPU
		{D44F04FA-F89E-477E-8328-3E418B8DE484}.Release NCAD|x64.ActiveCfg = Debug|Any CPU
		{D44F04FA-F89E-477E-8328-3E418B8DE484}.Release NCAD|x64.Build.0 = Debug|Any CPU
		{D44F04FA-F89E-477E-8328-3E418B8DE484}.Release NCAD|x86.ActiveCfg = Release|Any CPU
		{D44F04FA-F89E-477E-8328-3E418B8DE484}.Release NCAD|x86.Build.0 = Release|Any CPU
		{D44F04FA-F89E-477E-8328-3E418B8DE484}.Release|x64.ActiveCfg = Release|Any CPU
		{D44F04FA-F89E-477E-8328-3E418B8DE484}.Release|x64.Build.0 = Release|Any CPU
		{D44F04FA-F89E-477E-8328-3E418B8DE484}.Release|x86.ActiveCfg = Release|Any CPU
		{D44F04FA-F89E-477E-8328-3E418B8DE484}.Release|x86.Build.0 = Release|Any CPU
		{B355F384-5686-4B1D-A53B-414E3EF75C3E}.Debug ACAD|x64.ActiveCfg = Debug ACAD|x64
		{B355F384-5686-4B1D-A53B-414E3EF75C3E}.Debug ACAD|x64.Build.0 = Debug ACAD|x64
		{B355F384-5686-4B1D-A53B-414E3EF75C3E}.Debug ACAD|x86.ActiveCfg = Debug NCAD|Win32
		{B355F384-5686-4B1D-A53B-414E3EF75C3E}.Debug ACAD|x86.Build.0 = Debug NCAD|Win32
		{B355F384-5686-4B1D-A53B-414E3EF75C3E}.Debug NCAD|x64.ActiveCfg = Debug NCAD|x64
		{B355F384-5686-4B1D-A53B-414E3EF75C3E}.Debug NCAD|x64.Build.0 = Debug NCAD|x64
		{B355F384-5686-4B1D-A53B-414E3EF75C3E}.Debug NCAD|x86.ActiveCfg = Debug NCAD|x64
		{B355F384-5686-4B1D-A53B-414E3EF75C3E}.Debug NCAD|x86.Build.0 = Debug NCAD|x64
		{B355F384-5686-4B1D-A53B-414E3EF75C3E}.Debug|x64.ActiveCfg = Debug|x64
		{B355F384-5686-4B1D-A53B-414E3EF75C3E}.Debug|x64.Build.0 = Debug|x64
		{B355F384-5686-4B1D-A53B-414E3EF75C3E}.Debug|x86.ActiveCfg = Debug|Win32
		{B355F384-5686-4B1D-A53B-414E3EF75C3E}.Debug|x86.Build.0 = Debug|Win32
		{B355F384-5686-4B1D-A53B-414E3EF75C3E}.Release NCAD|x64.ActiveCfg = Debug NCAD|x64
		{B355F384-5686-4B1D-A53B-414E3EF75C3E}.Release NCAD|x64.Build.0 = Debug NCAD|x64
		{B355F384-5686-4B1D-A53B-414E3EF75C3E}.Release NCAD|x86.ActiveCfg = Release|Win32
		{B355F384-5686-4B1D-A53B-414E3EF75C3E}.Release NCAD|x86.Build.0 = Release|Win32
		{B355F384-5686-4B1D-A53B-414E3EF75C3E}.Release|x64.ActiveCfg = Release|x64
		{B355F384-5686-4B1D-A53B-414E3EF75C3E}.Release|x64.Build.0 = Release|x64
		{B355F384-5686-4B1D-A53B-414E3EF75C3E}.Release|x86.ActiveCfg = Release|Win32
		{B355F384-5686-4B1D-A53B-414E3EF75C3E}.Release|x86.Build.0 = Release|Win32
		{FB9F81BD-9562-4E21-9734-03E6ACBF2A2C}.Debug ACAD|x64.ActiveCfg = Debug ACAD|x64
		{FB9F81BD-9562-4E21-9734-03E6ACBF2A2C}.Debug ACAD|x64.Build.0 = Debug ACAD|x64
		{FB9F81BD-9562-4E21-9734-03E6ACBF2A2C}.Debug ACAD|x86.ActiveCfg = Debug ACAD|Win32
		{FB9F81BD-9562-4E21-9734-03E6ACBF2A2C}.Debug ACAD|x86.Build.0 = Debug ACAD|Win32
		{FB9F81BD-9562-4E21-9734-03E6ACBF2A2C}.Debug NCAD|x64.ActiveCfg = Debug NCAD|x64
		{FB9F81BD-9562-4E21-9734-03E6ACBF2A2C}.Debug NCAD|x64.Build.0 = Debug NCAD|x64
		{FB9F81BD-9562-4E21-9734-03E6ACBF2A2C}.Debug NCAD|x86.ActiveCfg = Debug NCAD|Win32
		{FB9F81BD-9562-4E21-9734-03E6ACBF2A2C}.Debug NCAD|x86.Build.0 = Debug NCAD|Win32
		{FB9F81BD-9562-4E21-9734-03E6ACBF2A2C}.Debug|x64.ActiveCfg = Debug NCAD|x64
		{FB9F81BD-9562-4E21-9734-03E6ACBF2A2C}.Debug|x64.Build.0 = Debug NCAD|x64
		{FB9F81BD-9562-4E21-9734-03E6ACBF2A2C}.Debug|x86.ActiveCfg = Debug NCAD|Win32
		{FB9F81BD-9562-4E21-9734-03E6ACBF2A2C}.Debug|x86.Build.0 = Debug NCAD|Win32
		{FB9F81BD-9562-4E21-9734-03E6ACBF2A2C}.Release NCAD|x64.ActiveCfg = Debug ACAD|x64
		{FB9F81BD-9562-4E21-9734-03E6ACBF2A2C}.Release NCAD|x64.Build.0 = Debug ACAD|x64
		{FB9F81BD-9562-4E21-9734-03E6ACBF2A2C}.Release NCAD|x86.ActiveCfg = Release|Win32
		{FB9F81BD-9562-4E21-9734-03E6ACBF2A2C}.Release NCAD|x86.Build.0 = Release|Win32
		{FB9F81BD-9562-4E21-9734-03E6ACBF2A2C}.Release|x64.ActiveCfg = Release|x64
		{FB9F81BD-9562-4E21-9734-03E6ACBF2A2C}.Release|x64.Build.0 = Release|x64
		{FB9F81BD-9562-4E21-9734-03E6ACBF2A2C}.Release|x86.ActiveCfg = Release|Win32
		{FB9F81BD-9562-4E21-9734-03E6ACBF2A2C}.Release|x86.Build.0 = Release|Win32
		{C45F8C37-44B0-4792-B2E5-F6AC8048579D}.Debug ACAD|x64.ActiveCfg = Debug NCAD|x64
		{C45F8C37-44B0-4792-B2E5-F6AC8048579D}.Debug ACAD|x64.Build.0 = Debug NCAD|x64
		{C45F8C37-44B0-4792-B2E5-F6AC8048579D}.Debug ACAD|x86.ActiveCfg = Debug ACAD|Win32
		{C45F8C37-44B0-4792-B2E5-F6AC8048579D}.Debug ACAD|x86.Build.0 = Debug ACAD|Win32
		{C45F8C37-44B0-4792-B2E5-F6AC8048579D}.Debug NCAD|x64.ActiveCfg = Debug NCAD|x64
		{C45F8C37-44B0-4792-B2E5-F6AC8048579D}.Debug NCAD|x64.Build.0 = Debug NCAD|x64
		{C45F8C37-44B0-4792-B2E5-F6AC8048579D}.Debug NCAD|x86.ActiveCfg = Debug NCAD|Win32
		{C45F8C37-44B0-4792-B2E5-F6AC8048579D}.Debug NCAD|x86.Build.0 = Debug NCAD|Win32
		{C45F8C37-44B0-4792-B2E5-F6AC8048579D}.Debug|x64.ActiveCfg = Debug ACAD|x64
		{C45F8C37-44B0-4792-B2E5-F6AC8048579D}.Debug|x64.Build.0 = Debug ACAD|x64
		{C45F8C37-44B0-4792-B2E5-F6AC8048579D}.Debug|x86.ActiveCfg = Debug NCAD|Win32
		{C45F8C37-44B0-4792-B2E5-F6AC8048579D}.Debug|x86.Build.0 = Debug NCAD|Win32
		{C45F8C37-44B0-4792-B2E5-F6AC8048579D}.Release NCAD|x64.ActiveCfg = Release|x64
		{C45F8C37-44B0-4792-B2E5-F6AC8048579D}.Release NCAD|x64.Build.0 = Release|x64
		{C45F8C37-44B0-4792-B2E5-F6AC8048579D}.Release NCAD|x86.ActiveCfg = Release|Win32
		{C45F8C37-44B0-4792-B2E5-F6AC8048579D}.Release NCAD|x86.Build.0 = Release|Win32
		{C45F8C37-44B0-4792-B2E5-F6AC8048579D}.Release|x64.ActiveCfg = Release|x64
		{C45F8C37-44B0-4792-B2E5-F6AC8048579D}.Release|x64.Build.0 = Release|x64
		{C45F8C37-44B0-4792-B2E5-F6AC8048579D}.Release|x86.ActiveCfg = Release|Win32
		{C45F8C37-44B0-4792-B2E5-F6AC8048579D}.Release|x86.Build.0 = Release|Win32
		{21E23CD2-9C14-47B8-B4F4-9768093F3948}.Debug ACAD|x64.ActiveCfg = Debug|x64
		{21E23CD2-9C14-47B8-B4F4-9768093F3948}.Debug ACAD|x64.Build.0 = Debug|x64
		{21E23CD2-9C14-47B8-B4F4-9768093F3948}.Debug ACAD|x86.ActiveCfg = Debug|Win32
		{21E23CD2-9C14-47B8-B4F4-9768093F3948}.Debug ACAD|x86.Build.0 = Debug|Win32
		{21E23CD2-9C14-47B8-B4F4-9768093F3948}.Debug NCAD|x64.ActiveCfg = Debug NCAD|x64
		{21E23CD2-9C14-47B8-B4F4-9768093F3948}.Debug NCAD|x64.Build.0 = Debug NCAD|x64
		{21E23CD2-9C14-47B8-B4F4-9768093F3948}.Debug NCAD|x86.ActiveCfg = Debug|Win32
		{21E23CD2-9C14-47B8-B4F4-9768093F3948}.Debug NCAD|x86.Build.0 = Debug|Win32
		{21E23CD2-9C14-47B8-B4F4-9768093F3948}.Debug|x64.ActiveCfg = Debug|x64
		{21E23CD2-9C14-47B8-B4F4-9768093F3948}.Debug|x64.Build.0 = Debug|x64
		{21E23CD2-9C14-47B8-B4F4-9768093F3948}.Debug|x86.ActiveCfg = Debug|Win32
		{21E23CD2-9C14-47B8-B4F4-9768093F3948}.Debug|x86.Build.0 = Debug|Win32
		{21E23CD2-9C14-47B8-B4F4-9768093F3948}.Release NCAD|x64.ActiveCfg = Release|x64
		{21E23CD2-9C14-47B8-B4F4-9768093F3948}.Release NCAD|x64.Build.0 = Release|x64
		{21E23CD2-9C14-47B8-B4F4-9768093F3948}.Release NCAD|x86.ActiveCfg = Release|Win32
		{21E23CD2-9C14-47B8-B4F4-9768093F3948}.Release NCAD|x86.Build.0 = Release|Win32
		{21E23CD2-9C14-47B8-B4F4-9768093F3948}.Release|x64.ActiveCfg = Release|x64
		{21E23CD2-9C14-47B8-B4F4-9768093F3948}.Release|x64.Build.0 = Release|x64
		{21E23CD2-9C14-47B8-B4F4-9768093F3948}.Release|x86.ActiveCfg = Release|Win32
		{21E23CD2-9C14-47B8-B4F4-9768093F3948}.Release|x86.Build.0 = Release|Win32
		{2B35BBE7-79B7-429A-A909-4D19EF38ECF7}.Debug ACAD|x64.ActiveCfg = Debug|x64
		{2B35BBE7-79B7-429A-A909-4D19EF38ECF7}.Debug ACAD|x64.Build.0 = Debug|x64
		{2B35BBE7-79B7-429A-A909-4D19EF38ECF7}.Debug ACAD|x86.ActiveCfg = Debug|Win32
		{2B35BBE7-79B7-429A-A909-4D19EF38ECF7}.Debug ACAD|x86.Build.0 = Debug|Win32
		{2B35BBE7-79B7-429A-A909-4D19EF38ECF7}.Debug NCAD|x64.ActiveCfg = Debug|x64
		{2B35BBE7-79B7-429A-A909-4D19EF38ECF7}.Debug NCAD|x64.Build.0 = Debug|x64
		{2B35BBE7-79B7-429A-A909-4D19EF38ECF7}.Debug NCAD|x86.ActiveCfg = Debug|Win32
		{2B35BBE7-79B7-429A-A909-4D19EF38ECF7}.Debug NCAD|x86.Build.0 = Debug|Win32
		{2B35BBE7-79B7-429A-A909-4D19EF38ECF7}.Debug|x64.ActiveCfg = Debug|x64
		{2B35BBE7-79B7-429A-A909-4D19EF38ECF7}.Debug|x64.Build.0 = Debug|x64
		{2B35BBE7-79B7-429A-A909-4D19EF38ECF7}.Debug|x86.ActiveCfg = Debug|Win32
		{2B35BBE7-79B7-429A-A909-4D19EF38ECF7}.Debug|x86.Build.0 = Debug|Win32
		{2B35BBE7-79B7-429A-A909-4D19EF38ECF7}.Release NCAD|x64.ActiveCfg = Release|x64
		{2B35BBE7-79B7-429A-A909-4D19EF38ECF7}.Release NCAD|x64.Build.0 = Release|x64
		{2B35BBE7-79B7-429A-A909-4D19EF38ECF7}.Release NCAD|x86.ActiveCfg = Release|Win32
		{2B35BBE7-79B7-429A-A909-4D19EF38ECF7}.Release NCAD|x86.Build.0 = Release|Win32
		{2B35BBE7-79B7-429A-A909-4D19EF38ECF7}.Release|x64.ActiveCfg = Release|x64
		{2B35BBE7-79B7-429A-A909-4D19EF38ECF7}.Release|x64.Build.0 = Release|x64
		{2B35BBE7-79B7-429A-A909-4D19EF38ECF7}.Release|x86.ActiveCfg = Release|Win32
		{2B35BBE7-79B7-429A-A909-4D19EF38ECF7}.Release|x86.Build.0 = Release|Win32
		{592B994E-C42E-43F9-89CD-0F9BAE3C0FD4}.Debug ACAD|x64.ActiveCfg = Debug NCAD|x64
		{592B994E-C42E-43F9-89CD-0F9BAE3C0FD4}.Debug ACAD|x64.Build.0 = Debug NCAD|x64
		{592B994E-C42E-43F9-89CD-0F9BAE3C0FD4}.Debug ACAD|x86.ActiveCfg = Debug NCAD|Win32
		{592B994E-C42E-43F9-89CD-0F9BAE3C0FD4}.Debug ACAD|x86.Build.0 = Debug NCAD|Win32
		{592B994E-C42E-43F9-89CD-0F9BAE3C0FD4}.Debug NCAD|x64.ActiveCfg = Debug NCAD|x64
		{592B994E-C42E-43F9-89CD-0F9BAE3C0FD4}.Debug NCAD|x64.Build.0 = Debug NCAD|x64
		{592B994E-C42E-43F9-89CD-0F9BAE3C0FD4}.Debug NCAD|x86.ActiveCfg = Debug NCAD|Win32
		{592B994E-C42E-43F9-89CD-0F9BAE3C0FD4}.Debug NCAD|x86.Build.0 = Debug NCAD|Win32
		{592B994E-C42E-43F9-89CD-0F9BAE3C0FD4}.Debug|x64.ActiveCfg = Debug NCAD|x64
		{592B994E-C42E-43F9-89CD-0F9BAE3C0FD4}.Debug|x64.Build.0 = Debug NCAD|x64
		{592B994E-C42E-43F9-89CD-0F9BAE3C0FD4}.Debug|x86.ActiveCfg = Debug NCAD|Win32
		{592B994E-C42E-43F9-89CD-0F9BAE3C0FD4}.Debug|x86.Build.0 = Debug NCAD|Win32
		{592B994E-C42E-43F9-89CD-0F9BAE3C0FD4}.Release NCAD|x64.ActiveCfg = Release|x64
		{592B994E-C42E-43F9-89CD-0F9BAE3C0FD4}.Release NCAD|x64.Build.0 = Release|x64
		{592B994E-C42E-43F9-89CD-0F9BAE3C0FD4}.Release NCAD|x86.ActiveCfg = Release|Win32
		{592B994E-C42E-43F9-89CD-0F9BAE3C0FD4}.Release NCAD|x86.Build.0 = Release|Win32
		{592B994E-C42E-43F9-89CD-0F9BAE3C0FD4}.Release|x64.ActiveCfg = Release|x64
		{592B994E-C42E-43F9-89CD-0F9BAE3C0FD4}.Release|x64.Build.0 = Release|x64
		{592B994E-C42E-43F9-89CD-0F9BAE3C0FD4}.Release|x86.ActiveCfg = Release|Win32
		{592B994E-C42E-43F9-89CD-0F9BAE3C0FD4}.Release|x86.Build.0 = Release|Win32
		{C0C45C5E-EEF4-4FF4-B1A2-9181F7E5DE6F}.Debug ACAD|x64.ActiveCfg = Debug NCAD|x64
		{C0C45C5E-EEF4-4FF4-B1A2-9181F7E5DE6F}.Debug ACAD|x64.Build.0 = Debug NCAD|x64
		{C0C45C5E-EEF4-4FF4-B1A2-9181F7E5DE6F}.Debug ACAD|x86.ActiveCfg = Debug NCAD|Win32
		{C0C45C5E-EEF4-4FF4-B1A2-9181F7E5DE6F}.Debug ACAD|x86.Build.0 = Debug NCAD|Win32
		{C0C45C5E-EEF4-4FF4-B1A2-9181F7E5DE6F}.Debug NCAD|x64.ActiveCfg = Debug NCAD|x64
		{C0C45C5E-EEF4-4FF4-B1A2-9181F7E5DE6F}.Debug NCAD|x64.Build.0 = Debug NCAD|x64
		{C0C45C5E-EEF4-4FF4-B1A2-9181F7E5DE6F}.Debug NCAD|x86.ActiveCfg = Debug NCAD|Win32
		{C0C45C5E-EEF4-4FF4-B1A2-9181F7E5DE6F}.Debug NCAD|x86.Build.0 = Debug NCAD|Win32
		{C0C45C5E-EEF4-4FF4-B1A2-9181F7E5DE6F}.Debug|x64.ActiveCfg = Debug NCAD|x64
		{C0C45C5E-EEF4-4FF4-B1A2-9181F7E5DE6F}.Debug|x64.Build.0 = Debug NCAD|x64
		{C0C45C5E-EEF4-4FF4-B1A2-9181F7E5DE6F}.Debug|x86.ActiveCfg = Debug NCAD|Win32
		{C0C45C5E-EEF4-4FF4-B1A2-9181F7E5DE6F}.Debug|x86.Build.0 = Debug NCAD|Win32
		{C0C45C5E-EEF4-4FF4-B1A2-9181F7E5DE6F}.Release NCAD|x64.ActiveCfg = Release|x64
		{C0C45C5E-EEF4-4FF4-B1A2-9181F7E5DE6F}.Release NCAD|x64.Build.0 = Release|x64
		{C0C45C5E-EEF4-4FF4-B1A2-9181F7E5DE6F}.Release NCAD|x86.ActiveCfg = Release|Win32
		{C0C45C5E-EEF4-4FF4-B1A2-9181F7E5DE6F}.Release NCAD|x86.Build.0 = Release|Win32
		{C0C45C5E-EEF4-4FF4-B1A2-9181F7E5DE6F}.Release|x64.ActiveCfg = Release|x64
		{C0C45C5E-EEF4-4FF4-B1A2-9181F7E5DE6F}.Release|x64.Build.0 = Release|x64
		{C0C45C5E-EEF4-4FF4-B1A2-9181F7E5DE6F}.Release|x86.ActiveCfg = Release|Win32
		{C0C45C5E-EEF4-4FF4-B1A2-9181F7E5DE6F}.Release|x86.Build.0 = Release|Win32
	EndGlobalSection
	GlobalSection(SolutionProperties) = preSolution
		HideSolutionNode = FALSE
	EndGlobalSection
	GlobalSection(NestedProjects) = preSolution
		{B355F384-5686-4B1D-A53B-414E3EF75C3E} = {5F11B562-EF32-46C0-97FB-BCDA194FFB93}
		{FB9F81BD-9562-4E21-9734-03E6ACBF2A2C} = {5F11B562-EF32-46C0-97FB-BCDA194FFB93}
		{C45F8C37-44B0-4792-B2E5-F6AC8048579D} = {5F11B562-EF32-46C0-97FB-BCDA194FFB93}
		{21E23CD2-9C14-47B8-B4F4-9768093F3948} = {5F11B562-EF32-46C0-97FB-BCDA194FFB93}
		{2B35BBE7-79B7-429A-A909-4D19EF38ECF7} = {5F11B562-EF32-46C0-97FB-BCDA194FFB93}
		{592B994E-C42E-43F9-89CD-0F9BAE3C0FD4} = {5F11B562-EF32-46C0-97FB-BCDA194FFB93}
		{C0C45C5E-EEF4-4FF4-B1A2-9181F7E5DE6F} = {5F11B562-EF32-46C0-97FB-BCDA194FFB93}
	EndGlobalSection
	GlobalSection(ExtensibilityGlobals) = postSolution
		SolutionGuid = {41180272-9D96-4DDF-9CD5-5794455AAA16}
	EndGlobalSection
EndGlobal
